
Microsoft Visual Studio Solution File, Format Version 11.00
# Visual Studio 2010
Project("{8BC9CEB8-8B4A-11D0-8D11-00A0C91BC942}") = "PersonClass", "PersonClass\PersonClass.vcxproj", "{DD00F267-512A-4C24-B160-03373DC2BF9C}"
EndProject
Global
	GlobalSection(SolutionConfigurationPlatforms) = preSolution
		Debug|Win32 = Debug|Win32
		Release|Win32 = Release|Win32
	EndGlobalSection
	GlobalSection(ProjectConfigurationPlatforms) = postSolution
		{DD00F267-512A-4C24-B160-03373DC2BF9C}.Debug|Win32.ActiveCfg = Debug|Win32
		{DD00F267-512A-4C24-B160-03373DC2BF9C}.Debug|Win32.Build.0 = Debug|Win32
		{DD00F267-512A-4C24-B160-03373DC2BF9C}.Release|Win32.ActiveCfg = Release|Win32
		{DD00F267-512A-4C24-B160-03373DC2BF9C}.Release|Win32.Build.0 = Release|Win32
	EndGlobalSection
	GlobalSection(SolutionProperties) = preSolution
		HideSolutionNode = FALSE
	EndGlobalSection
EndGlobal
